
Microsoft Visual Studio Solution File, Format Version 12.00
Project("{FAE04EC0-301F-11D3-BF4B-00C04F79EFBC}") = "SimpleMarkdownEditor", "SimpleMarkdownEditor\SimpleMarkdownEditor.csproj", "{A3F4697D-546D-4EEA-9E95-BEF62904DCD8}"
EndProject
Global
	GlobalSection(SolutionConfigurationPlatforms) = preSolution
		Debug|Any CPU = Debug|Any CPU
		Release|Any CPU = Release|Any CPU
	EndGlobalSection
	GlobalSection(ProjectConfigurationPlatforms) = postSolution
		{A3F4697D-546D-4EEA-9E95-BEF62904DCD8}.Debug|Any CPU.ActiveCfg = Debug|Any CPU
		{A3F4697D-546D-4EEA-9E95-BEF62904DCD8}.Debug|Any CPU.Build.0 = Debug|Any CPU
		{A3F4697D-546D-4EEA-9E95-BEF62904DCD8}.Release|Any CPU.ActiveCfg = Release|Any CPU
		{A3F4697D-546D-4EEA-9E95-BEF62904DCD8}.Release|Any CPU.Build.0 = Release|Any CPU
	EndGlobalSection
EndGlobal
